
Microsoft Visual Studio Solution File, Format Version 12.00
# Visual Studio 15
VisualStudioVersion = 15.0.27130.2036
MinimumVisualStudioVersion = 10.0.40219.1
Project("{FAE04EC0-301F-11D3-BF4B-00C04F79EFBC}") = "TaskScheduler", "TaskScheduler\TaskScheduler.csproj", "{BC66AA5F-BA2E-40A9-8E27-8D55BC3E29AF}"
EndProject
Global
	GlobalSection(SolutionConfigurationPlatforms) = preSolution
		Debug|Any CPU = Debug|Any CPU
		Release|Any CPU = Release|Any CPU
	EndGlobalSection
	GlobalSection(ProjectConfigurationPlatforms) = postSolution
		{BC66AA5F-BA2E-40A9-8E27-8D55BC3E29AF}.Debug|Any CPU.ActiveCfg = Debug|Any CPU
		{BC66AA5F-BA2E-40A9-8E27-8D55BC3E29AF}.Debug|Any CPU.Build.0 = Debug|Any CPU
		{BC66AA5F-BA2E-40A9-8E27-8D55BC3E29AF}.Release|Any CPU.ActiveCfg = Release|Any CPU
		{BC66AA5F-BA2E-40A9-8E27-8D55BC3E29AF}.Release|Any CPU.Build.0 = Release|Any CPU
	EndGlobalSection
	GlobalSection(SolutionProperties) = preSolution
		HideSolutionNode = FALSE
	EndGlobalSection
	GlobalSection(ExtensibilityGlobals) = postSolution
		SolutionGuid = {152BC4A9-BA38-4F39-B751-571876AD0341}
	EndGlobalSection
EndGlobal
